// !$*UTF8*$!
{
	archiveVersion = 1;
	classes = {
	};
	objectVersion = 51;
	objects = {

/* Begin PBXBuildFile section */
		0333C3CC23656A5700031C26 /* weeklycalendar.swift in Sources */ = {isa = PBXBuildFile; fileRef = 0333C3CB23656A5700031C26 /* weeklycalendar.swift */; };
		038D56C12362C6AD00FFB3DD /* GameOneViewController.swift in Sources */ = {isa = PBXBuildFile; fileRef = 038D56C02362C6AD00FFB3DD /* GameOneViewController.swift */; };
		038D56C32362C6BC00FFB3DD /* GameTwoViewController.swift in Sources */ = {isa = PBXBuildFile; fileRef = 038D56C22362C6BC00FFB3DD /* GameTwoViewController.swift */; };
		03AB56A423627D22000A3475 /* GoogleService-Info.plist in Resources */ = {isa = PBXBuildFile; fileRef = 03AB56A323627D22000A3475 /* GoogleService-Info.plist */; };
		03DB2F0623693FA000EE9EF4 /* TiltGameScene.swift in Sources */ = {isa = PBXBuildFile; fileRef = 03DB2F0323693FA000EE9EF4 /* TiltGameScene.swift */; };
		03DB2F0723693FA000EE9EF4 /* CountdownGameScene.swift in Sources */ = {isa = PBXBuildFile; fileRef = 03DB2F0423693FA000EE9EF4 /* CountdownGameScene.swift */; };
		03DB2F0823693FA000EE9EF4 /* TiltViewController.swift in Sources */ = {isa = PBXBuildFile; fileRef = 03DB2F0523693FA000EE9EF4 /* TiltViewController.swift */; };
		094FA8545FBF0289C12D48BC /* Pods_ParkinSense_12_4Tests.framework in Frameworks */ = {isa = PBXBuildFile; fileRef = 4F27FD6A4359384A48BECB24 /* Pods_ParkinSense_12_4Tests.framework */; };
		22E1492C880352C2A515D36A /* Pods_ParkinSense_12_4_ParkinSense_12_4UITests.framework in Frameworks */ = {isa = PBXBuildFile; fileRef = F82DEDD8C442E3BB7EE452BC /* Pods_ParkinSense_12_4_ParkinSense_12_4UITests.framework */; };
		9E55761FBCE6FB2CCBF32EE6 /* Pods_ParkinSense_12_4.framework in Frameworks */ = {isa = PBXBuildFile; fileRef = BDB894B302585B06785FECC7 /* Pods_ParkinSense_12_4.framework */; };
		A61328BE23627A0700C7066C /* AppDelegate.swift in Sources */ = {isa = PBXBuildFile; fileRef = A61328BD23627A0700C7066C /* AppDelegate.swift */; };
		A61328C823627A0800C7066C /* LaunchScreen.storyboard in Resources */ = {isa = PBXBuildFile; fileRef = A61328C623627A0800C7066C /* LaunchScreen.storyboard */; };
		A61328D323627A0800C7066C /* ParkinSense_12_4Tests.swift in Sources */ = {isa = PBXBuildFile; fileRef = A61328D223627A0800C7066C /* ParkinSense_12_4Tests.swift */; };
		A61328DE23627A0800C7066C /* ParkinSense_12_4UITests.swift in Sources */ = {isa = PBXBuildFile; fileRef = A61328DD23627A0800C7066C /* ParkinSense_12_4UITests.swift */; };
		A61328F023627A5F00C7066C /* Constants.swift in Sources */ = {isa = PBXBuildFile; fileRef = A61328EC23627A5F00C7066C /* Constants.swift */; };
		A61328F123627A5F00C7066C /* Utilities.swift in Sources */ = {isa = PBXBuildFile; fileRef = A61328ED23627A5F00C7066C /* Utilities.swift */; };
		A61328F223627A5F00C7066C /* TimeandExtension.swift in Sources */ = {isa = PBXBuildFile; fileRef = A61328EE23627A5F00C7066C /* TimeandExtension.swift */; };
		A61328F923627A6A00C7066C /* signupViewController.swift in Sources */ = {isa = PBXBuildFile; fileRef = A61328F523627A6900C7066C /* signupViewController.swift */; };
		A61328FA23627A6A00C7066C /* MedicationDetailViewController.swift in Sources */ = {isa = PBXBuildFile; fileRef = A61328F623627A6900C7066C /* MedicationDetailViewController.swift */; };
		A61328FB23627A6A00C7066C /* HomeViewController.swift in Sources */ = {isa = PBXBuildFile; fileRef = A61328F723627A6900C7066C /* HomeViewController.swift */; };
		A61328FC23627A6A00C7066C /* loginViewController.swift in Sources */ = {isa = PBXBuildFile; fileRef = A61328F823627A6900C7066C /* loginViewController.swift */; };
		A61328FE23627A8C00C7066C /* Main.storyboard in Resources */ = {isa = PBXBuildFile; fileRef = A61328FD23627A8C00C7066C /* Main.storyboard */; };
		A613290023627AAB00C7066C /* Assets.xcassets in Resources */ = {isa = PBXBuildFile; fileRef = A61328FF23627AAB00C7066C /* Assets.xcassets */; };
/* End PBXBuildFile section */

/* Begin PBXContainerItemProxy section */
		A61328CF23627A0800C7066C /* PBXContainerItemProxy */ = {
			isa = PBXContainerItemProxy;
			containerPortal = A61328B223627A0700C7066C /* Project object */;
			proxyType = 1;
			remoteGlobalIDString = A61328B923627A0700C7066C;
			remoteInfo = "ParkinSense-12.4";
		};
		A61328DA23627A0800C7066C /* PBXContainerItemProxy */ = {
			isa = PBXContainerItemProxy;
			containerPortal = A61328B223627A0700C7066C /* Project object */;
			proxyType = 1;
			remoteGlobalIDString = A61328B923627A0700C7066C;
			remoteInfo = "ParkinSense-12.4";
		};
/* End PBXContainerItemProxy section */

/* Begin PBXFileReference section */
		0333C3CB23656A5700031C26 /* weeklycalendar.swift */ = {isa = PBXFileReference; fileEncoding = 4; lastKnownFileType = sourcecode.swift; path = weeklycalendar.swift; sourceTree = "<group>"; };
		038D56C02362C6AD00FFB3DD /* GameOneViewController.swift */ = {isa = PBXFileReference; lastKnownFileType = sourcecode.swift; path = GameOneViewController.swift; sourceTree = "<group>"; };
		038D56C22362C6BC00FFB3DD /* GameTwoViewController.swift */ = {isa = PBXFileReference; lastKnownFileType = sourcecode.swift; path = GameTwoViewController.swift; sourceTree = "<group>"; };
		03AB56A323627D22000A3475 /* GoogleService-Info.plist */ = {isa = PBXFileReference; fileEncoding = 4; lastKnownFileType = text.plist.xml; path = "GoogleService-Info.plist"; sourceTree = "<group>"; };
		03DB2F0323693FA000EE9EF4 /* TiltGameScene.swift */ = {isa = PBXFileReference; fileEncoding = 4; lastKnownFileType = sourcecode.swift; path = TiltGameScene.swift; sourceTree = "<group>"; };
		03DB2F0423693FA000EE9EF4 /* CountdownGameScene.swift */ = {isa = PBXFileReference; fileEncoding = 4; lastKnownFileType = sourcecode.swift; path = CountdownGameScene.swift; sourceTree = "<group>"; };
		03DB2F0523693FA000EE9EF4 /* TiltViewController.swift */ = {isa = PBXFileReference; fileEncoding = 4; lastKnownFileType = sourcecode.swift; path = TiltViewController.swift; sourceTree = "<group>"; };
		1646AE119FC7C3A20EF6D045 /* Pods-ParkinSense-12.4-ParkinSense-12.4UITests.debug.xcconfig */ = {isa = PBXFileReference; includeInIndex = 1; lastKnownFileType = text.xcconfig; name = "Pods-ParkinSense-12.4-ParkinSense-12.4UITests.debug.xcconfig"; path = "Target Support Files/Pods-ParkinSense-12.4-ParkinSense-12.4UITests/Pods-ParkinSense-12.4-ParkinSense-12.4UITests.debug.xcconfig"; sourceTree = "<group>"; };
		4A37EE9F9EE2DEC48033F828 /* Pods-ParkinSense-12.4-ParkinSense-12.4UITests.release.xcconfig */ = {isa = PBXFileReference; includeInIndex = 1; lastKnownFileType = text.xcconfig; name = "Pods-ParkinSense-12.4-ParkinSense-12.4UITests.release.xcconfig"; path = "Target Support Files/Pods-ParkinSense-12.4-ParkinSense-12.4UITests/Pods-ParkinSense-12.4-ParkinSense-12.4UITests.release.xcconfig"; sourceTree = "<group>"; };
		4F27FD6A4359384A48BECB24 /* Pods_ParkinSense_12_4Tests.framework */ = {isa = PBXFileReference; explicitFileType = wrapper.framework; includeInIndex = 0; path = Pods_ParkinSense_12_4Tests.framework; sourceTree = BUILT_PRODUCTS_DIR; };
		80488E395B128294ECE36291 /* Pods-ParkinSense-12.4.release.xcconfig */ = {isa = PBXFileReference; includeInIndex = 1; lastKnownFileType = text.xcconfig; name = "Pods-ParkinSense-12.4.release.xcconfig"; path = "Target Support Files/Pods-ParkinSense-12.4/Pods-ParkinSense-12.4.release.xcconfig"; sourceTree = "<group>"; };
		A61328BA23627A0700C7066C /* ParkinSense-12.4.app */ = {isa = PBXFileReference; explicitFileType = wrapper.application; includeInIndex = 0; path = "ParkinSense-12.4.app"; sourceTree = BUILT_PRODUCTS_DIR; };
		A61328BD23627A0700C7066C /* AppDelegate.swift */ = {isa = PBXFileReference; lastKnownFileType = sourcecode.swift; path = AppDelegate.swift; sourceTree = "<group>"; };
		A61328C723627A0800C7066C /* Base */ = {isa = PBXFileReference; lastKnownFileType = file.storyboard; name = Base; path = Base.lproj/LaunchScreen.storyboard; sourceTree = "<group>"; };
		A61328C923627A0800C7066C /* Info.plist */ = {isa = PBXFileReference; lastKnownFileType = text.plist.xml; path = Info.plist; sourceTree = "<group>"; };
		A61328CE23627A0800C7066C /* ParkinSense-12.4Tests.xctest */ = {isa = PBXFileReference; explicitFileType = wrapper.cfbundle; includeInIndex = 0; path = "ParkinSense-12.4Tests.xctest"; sourceTree = BUILT_PRODUCTS_DIR; };
		A61328D223627A0800C7066C /* ParkinSense_12_4Tests.swift */ = {isa = PBXFileReference; lastKnownFileType = sourcecode.swift; path = ParkinSense_12_4Tests.swift; sourceTree = "<group>"; };
		A61328D423627A0800C7066C /* Info.plist */ = {isa = PBXFileReference; lastKnownFileType = text.plist.xml; path = Info.plist; sourceTree = "<group>"; };
		A61328D923627A0800C7066C /* ParkinSense-12.4UITests.xctest */ = {isa = PBXFileReference; explicitFileType = wrapper.cfbundle; includeInIndex = 0; path = "ParkinSense-12.4UITests.xctest"; sourceTree = BUILT_PRODUCTS_DIR; };
		A61328DD23627A0800C7066C /* ParkinSense_12_4UITests.swift */ = {isa = PBXFileReference; lastKnownFileType = sourcecode.swift; path = ParkinSense_12_4UITests.swift; sourceTree = "<group>"; };
		A61328DF23627A0800C7066C /* Info.plist */ = {isa = PBXFileReference; lastKnownFileType = text.plist.xml; path = Info.plist; sourceTree = "<group>"; };
		A61328EC23627A5F00C7066C /* Constants.swift */ = {isa = PBXFileReference; fileEncoding = 4; lastKnownFileType = sourcecode.swift; path = Constants.swift; sourceTree = "<group>"; };
		A61328ED23627A5F00C7066C /* Utilities.swift */ = {isa = PBXFileReference; fileEncoding = 4; lastKnownFileType = sourcecode.swift; path = Utilities.swift; sourceTree = "<group>"; };
		A61328EE23627A5F00C7066C /* TimeandExtension.swift */ = {isa = PBXFileReference; fileEncoding = 4; lastKnownFileType = sourcecode.swift; path = TimeandExtension.swift; sourceTree = "<group>"; };
		A61328F523627A6900C7066C /* signupViewController.swift */ = {isa = PBXFileReference; fileEncoding = 4; lastKnownFileType = sourcecode.swift; path = signupViewController.swift; sourceTree = "<group>"; };
		A61328F623627A6900C7066C /* MedicationDetailViewController.swift */ = {isa = PBXFileReference; fileEncoding = 4; lastKnownFileType = sourcecode.swift; path = MedicationDetailViewController.swift; sourceTree = "<group>"; };
		A61328F723627A6900C7066C /* HomeViewController.swift */ = {isa = PBXFileReference; fileEncoding = 4; lastKnownFileType = sourcecode.swift; path = HomeViewController.swift; sourceTree = "<group>"; };
		A61328F823627A6900C7066C /* loginViewController.swift */ = {isa = PBXFileReference; fileEncoding = 4; lastKnownFileType = sourcecode.swift; path = loginViewController.swift; sourceTree = "<group>"; };
		A61328FD23627A8C00C7066C /* Main.storyboard */ = {isa = PBXFileReference; fileEncoding = 4; lastKnownFileType = file.storyboard; path = Main.storyboard; sourceTree = "<group>"; };
		A61328FF23627AAB00C7066C /* Assets.xcassets */ = {isa = PBXFileReference; lastKnownFileType = folder.assetcatalog; path = Assets.xcassets; sourceTree = "<group>"; };
		AAD23FB66C401B7D00ADA381 /* Pods-ParkinSense-12.4Tests.release.xcconfig */ = {isa = PBXFileReference; includeInIndex = 1; lastKnownFileType = text.xcconfig; name = "Pods-ParkinSense-12.4Tests.release.xcconfig"; path = "Target Support Files/Pods-ParkinSense-12.4Tests/Pods-ParkinSense-12.4Tests.release.xcconfig"; sourceTree = "<group>"; };
		BDB894B302585B06785FECC7 /* Pods_ParkinSense_12_4.framework */ = {isa = PBXFileReference; explicitFileType = wrapper.framework; includeInIndex = 0; path = Pods_ParkinSense_12_4.framework; sourceTree = BUILT_PRODUCTS_DIR; };
		DAAD47E763797519E6A741B4 /* Pods-ParkinSense-12.4.debug.xcconfig */ = {isa = PBXFileReference; includeInIndex = 1; lastKnownFileType = text.xcconfig; name = "Pods-ParkinSense-12.4.debug.xcconfig"; path = "Target Support Files/Pods-ParkinSense-12.4/Pods-ParkinSense-12.4.debug.xcconfig"; sourceTree = "<group>"; };
		E3CB4F5B9B1ABDCEDE756677 /* Pods-ParkinSense-12.4Tests.debug.xcconfig */ = {isa = PBXFileReference; includeInIndex = 1; lastKnownFileType = text.xcconfig; name = "Pods-ParkinSense-12.4Tests.debug.xcconfig"; path = "Target Support Files/Pods-ParkinSense-12.4Tests/Pods-ParkinSense-12.4Tests.debug.xcconfig"; sourceTree = "<group>"; };
		F82DEDD8C442E3BB7EE452BC /* Pods_ParkinSense_12_4_ParkinSense_12_4UITests.framework */ = {isa = PBXFileReference; explicitFileType = wrapper.framework; includeInIndex = 0; path = Pods_ParkinSense_12_4_ParkinSense_12_4UITests.framework; sourceTree = BUILT_PRODUCTS_DIR; };
/* End PBXFileReference section */

/* Begin PBXFrameworksBuildPhase section */
		A61328B723627A0700C7066C /* Frameworks */ = {
			isa = PBXFrameworksBuildPhase;
			buildActionMask = 2147483647;
			files = (
				9E55761FBCE6FB2CCBF32EE6 /* Pods_ParkinSense_12_4.framework in Frameworks */,
			);
			runOnlyForDeploymentPostprocessing = 0;
		};
		A61328CB23627A0800C7066C /* Frameworks */ = {
			isa = PBXFrameworksBuildPhase;
			buildActionMask = 2147483647;
			files = (
				094FA8545FBF0289C12D48BC /* Pods_ParkinSense_12_4Tests.framework in Frameworks */,
			);
			runOnlyForDeploymentPostprocessing = 0;
		};
		A61328D623627A0800C7066C /* Frameworks */ = {
			isa = PBXFrameworksBuildPhase;
			buildActionMask = 2147483647;
			files = (
				22E1492C880352C2A515D36A /* Pods_ParkinSense_12_4_ParkinSense_12_4UITests.framework in Frameworks */,
			);
			runOnlyForDeploymentPostprocessing = 0;
		};
/* End PBXFrameworksBuildPhase section */

/* Begin PBXGroup section */
		1EEA2CE5699372B3292EE972 /* Frameworks */ = {
			isa = PBXGroup;
			children = (
				BDB894B302585B06785FECC7 /* Pods_ParkinSense_12_4.framework */,
				F82DEDD8C442E3BB7EE452BC /* Pods_ParkinSense_12_4_ParkinSense_12_4UITests.framework */,
				4F27FD6A4359384A48BECB24 /* Pods_ParkinSense_12_4Tests.framework */,
			);
			name = Frameworks;
			sourceTree = "<group>";
		};
		704CCE7ACC2DA93B9B1E2B00 /* Pods */ = {
			isa = PBXGroup;
			children = (
				DAAD47E763797519E6A741B4 /* Pods-ParkinSense-12.4.debug.xcconfig */,
				80488E395B128294ECE36291 /* Pods-ParkinSense-12.4.release.xcconfig */,
				1646AE119FC7C3A20EF6D045 /* Pods-ParkinSense-12.4-ParkinSense-12.4UITests.debug.xcconfig */,
				4A37EE9F9EE2DEC48033F828 /* Pods-ParkinSense-12.4-ParkinSense-12.4UITests.release.xcconfig */,
				E3CB4F5B9B1ABDCEDE756677 /* Pods-ParkinSense-12.4Tests.debug.xcconfig */,
				AAD23FB66C401B7D00ADA381 /* Pods-ParkinSense-12.4Tests.release.xcconfig */,
			);
			path = Pods;
			sourceTree = "<group>";
		};
		A61328B123627A0700C7066C = {
			isa = PBXGroup;
			children = (
				A61328BC23627A0700C7066C /* ParkinSense-12.4 */,
				A61328D123627A0800C7066C /* ParkinSense-12.4Tests */,
				A61328DC23627A0800C7066C /* ParkinSense-12.4UITests */,
				A61328BB23627A0700C7066C /* Products */,
				704CCE7ACC2DA93B9B1E2B00 /* Pods */,
				1EEA2CE5699372B3292EE972 /* Frameworks */,
			);
			sourceTree = "<group>";
		};
		A61328BB23627A0700C7066C /* Products */ = {
			isa = PBXGroup;
			children = (
				A61328BA23627A0700C7066C /* ParkinSense-12.4.app */,
				A61328CE23627A0800C7066C /* ParkinSense-12.4Tests.xctest */,
				A61328D923627A0800C7066C /* ParkinSense-12.4UITests.xctest */,
			);
			name = Products;
			sourceTree = "<group>";
		};
		A61328BC23627A0700C7066C /* ParkinSense-12.4 */ = {
			isa = PBXGroup;
			children = (
				A61328BD23627A0700C7066C /* AppDelegate.swift */,
				A61328EB23627A5F00C7066C /* Helper */,
				A61328F423627A6900C7066C /* ViewController */,
				A61328FD23627A8C00C7066C /* Main.storyboard */,
				A61328FF23627AAB00C7066C /* Assets.xcassets */,
				A61328C623627A0800C7066C /* LaunchScreen.storyboard */,
				A61328C923627A0800C7066C /* Info.plist */,
				03AB56A323627D22000A3475 /* GoogleService-Info.plist */,
			);
			path = "ParkinSense-12.4";
			sourceTree = "<group>";
		};
		A61328D123627A0800C7066C /* ParkinSense-12.4Tests */ = {
			isa = PBXGroup;
			children = (
				A61328D223627A0800C7066C /* ParkinSense_12_4Tests.swift */,
				A61328D423627A0800C7066C /* Info.plist */,
			);
			path = "ParkinSense-12.4Tests";
			sourceTree = "<group>";
		};
		A61328DC23627A0800C7066C /* ParkinSense-12.4UITests */ = {
			isa = PBXGroup;
			children = (
				A61328DD23627A0800C7066C /* ParkinSense_12_4UITests.swift */,
				A61328DF23627A0800C7066C /* Info.plist */,
			);
			path = "ParkinSense-12.4UITests";
			sourceTree = "<group>";
		};
		A61328EB23627A5F00C7066C /* Helper */ = {
			isa = PBXGroup;
			children = (
				A61328EC23627A5F00C7066C /* Constants.swift */,
				A61328ED23627A5F00C7066C /* Utilities.swift */,
				A61328EE23627A5F00C7066C /* TimeandExtension.swift */,
				0333C3CB23656A5700031C26 /* weeklycalendar.swift */,
			);
			path = Helper;
			sourceTree = "<group>";
		};
		A61328F423627A6900C7066C /* ViewController */ = {
			isa = PBXGroup;
			children = (
				A61328F523627A6900C7066C /* signupViewController.swift */,
				A61328F623627A6900C7066C /* MedicationDetailViewController.swift */,
				A61328F723627A6900C7066C /* HomeViewController.swift */,
				A61328F823627A6900C7066C /* loginViewController.swift */,
				038D56C02362C6AD00FFB3DD /* GameOneViewController.swift */,
				038D56C22362C6BC00FFB3DD /* GameTwoViewController.swift */,
				03DB2F0423693FA000EE9EF4 /* CountdownGameScene.swift */,
				03DB2F0323693FA000EE9EF4 /* TiltGameScene.swift */,
				03DB2F0523693FA000EE9EF4 /* TiltViewController.swift */,
			);
			path = ViewController;
			sourceTree = "<group>";
		};
/* End PBXGroup section */

/* Begin PBXNativeTarget section */
		A61328B923627A0700C7066C /* ParkinSense-12.4 */ = {
			isa = PBXNativeTarget;
			buildConfigurationList = A61328E223627A0800C7066C /* Build configuration list for PBXNativeTarget "ParkinSense-12.4" */;
			buildPhases = (
				A3924B8CE7E5334991BC0E2A /* [CP] Check Pods Manifest.lock */,
				A61328B623627A0700C7066C /* Sources */,
				A61328B723627A0700C7066C /* Frameworks */,
				A61328B823627A0700C7066C /* Resources */,
				A33689540FC029795E455B89 /* [CP] Embed Pods Frameworks */,
			);
			buildRules = (
			);
			dependencies = (
			);
			name = "ParkinSense-12.4";
			productName = "ParkinSense-12.4";
			productReference = A61328BA23627A0700C7066C /* ParkinSense-12.4.app */;
			productType = "com.apple.product-type.application";
		};
		A61328CD23627A0800C7066C /* ParkinSense-12.4Tests */ = {
			isa = PBXNativeTarget;
			buildConfigurationList = A61328E523627A0800C7066C /* Build configuration list for PBXNativeTarget "ParkinSense-12.4Tests" */;
			buildPhases = (
				319C7C9E80B8795B7B319D04 /* [CP] Check Pods Manifest.lock */,
				A61328CA23627A0800C7066C /* Sources */,
				A61328CB23627A0800C7066C /* Frameworks */,
				A61328CC23627A0800C7066C /* Resources */,
			);
			buildRules = (
			);
			dependencies = (
				A61328D023627A0800C7066C /* PBXTargetDependency */,
			);
			name = "ParkinSense-12.4Tests";
			productName = "ParkinSense-12.4Tests";
			productReference = A61328CE23627A0800C7066C /* ParkinSense-12.4Tests.xctest */;
			productType = "com.apple.product-type.bundle.unit-test";
		};
		A61328D823627A0800C7066C /* ParkinSense-12.4UITests */ = {
			isa = PBXNativeTarget;
			buildConfigurationList = A61328E823627A0800C7066C /* Build configuration list for PBXNativeTarget "ParkinSense-12.4UITests" */;
			buildPhases = (
				B2BC6C0AD46778805F69D794 /* [CP] Check Pods Manifest.lock */,
				A61328D523627A0800C7066C /* Sources */,
				A61328D623627A0800C7066C /* Frameworks */,
				A61328D723627A0800C7066C /* Resources */,
				993C650572C2C40D7F21EA1F /* [CP] Embed Pods Frameworks */,
			);
			buildRules = (
			);
			dependencies = (
				A61328DB23627A0800C7066C /* PBXTargetDependency */,
			);
			name = "ParkinSense-12.4UITests";
			productName = "ParkinSense-12.4UITests";
			productReference = A61328D923627A0800C7066C /* ParkinSense-12.4UITests.xctest */;
			productType = "com.apple.product-type.bundle.ui-testing";
		};
/* End PBXNativeTarget section */

/* Begin PBXProject section */
		A61328B223627A0700C7066C /* Project object */ = {
			isa = PBXProject;
			attributes = {
				LastSwiftUpdateCheck = 1030;
				LastUpgradeCheck = 1030;
				ORGANIZATIONNAME = "PDD Inc";
				TargetAttributes = {
					A61328B923627A0700C7066C = {
						CreatedOnToolsVersion = 10.3;
					};
					A61328CD23627A0800C7066C = {
						CreatedOnToolsVersion = 10.3;
						TestTargetID = A61328B923627A0700C7066C;
					};
					A61328D823627A0800C7066C = {
						CreatedOnToolsVersion = 10.3;
						TestTargetID = A61328B923627A0700C7066C;
					};
				};
			};
			buildConfigurationList = A61328B523627A0700C7066C /* Build configuration list for PBXProject "ParkinSense-12.4" */;
			compatibilityVersion = "Xcode 9.3";
			developmentRegion = en;
			hasScannedForEncodings = 0;
			knownRegions = (
				en,
				Base,
			);
			mainGroup = A61328B123627A0700C7066C;
			productRefGroup = A61328BB23627A0700C7066C /* Products */;
			projectDirPath = "";
			projectRoot = "";
			targets = (
				A61328B923627A0700C7066C /* ParkinSense-12.4 */,
				A61328CD23627A0800C7066C /* ParkinSense-12.4Tests */,
				A61328D823627A0800C7066C /* ParkinSense-12.4UITests */,
			);
		};
/* End PBXProject section */

/* Begin PBXResourcesBuildPhase section */
		A61328B823627A0700C7066C /* Resources */ = {
			isa = PBXResourcesBuildPhase;
			buildActionMask = 2147483647;
			files = (
				A61328FE23627A8C00C7066C /* Main.storyboard in Resources */,
				03AB56A423627D22000A3475 /* GoogleService-Info.plist in Resources */,
				A613290023627AAB00C7066C /* Assets.xcassets in Resources */,
				A61328C823627A0800C7066C /* LaunchScreen.storyboard in Resources */,
			);
			runOnlyForDeploymentPostprocessing = 0;
		};
		A61328CC23627A0800C7066C /* Resources */ = {
			isa = PBXResourcesBuildPhase;
			buildActionMask = 2147483647;
			files = (
			);
			runOnlyForDeploymentPostprocessing = 0;
		};
		A61328D723627A0800C7066C /* Resources */ = {
			isa = PBXResourcesBuildPhase;
			buildActionMask = 2147483647;
			files = (
			);
			runOnlyForDeploymentPostprocessing = 0;
		};
/* End PBXResourcesBuildPhase section */

/* Begin PBXShellScriptBuildPhase section */
		319C7C9E80B8795B7B319D04 /* [CP] Check Pods Manifest.lock */ = {
			isa = PBXShellScriptBuildPhase;
			buildActionMask = 2147483647;
			files = (
			);
			inputFileListPaths = (
			);
			inputPaths = (
				"${PODS_PODFILE_DIR_PATH}/Podfile.lock",
				"${PODS_ROOT}/Manifest.lock",
			);
			name = "[CP] Check Pods Manifest.lock";
			outputFileListPaths = (
			);
			outputPaths = (
				"$(DERIVED_FILE_DIR)/Pods-ParkinSense-12.4Tests-checkManifestLockResult.txt",
			);
			runOnlyForDeploymentPostprocessing = 0;
			shellPath = /bin/sh;
			shellScript = "diff \"${PODS_PODFILE_DIR_PATH}/Podfile.lock\" \"${PODS_ROOT}/Manifest.lock\" > /dev/null\nif [ $? != 0 ] ; then\n    # print error to STDERR\n    echo \"error: The sandbox is not in sync with the Podfile.lock. Run 'pod install' or update your CocoaPods installation.\" >&2\n    exit 1\nfi\n# This output is used by Xcode 'outputs' to avoid re-running this script phase.\necho \"SUCCESS\" > \"${SCRIPT_OUTPUT_FILE_0}\"\n";
			showEnvVarsInLog = 0;
		};
		993C650572C2C40D7F21EA1F /* [CP] Embed Pods Frameworks */ = {
			isa = PBXShellScriptBuildPhase;
			buildActionMask = 2147483647;
			files = (
			);
			inputFileListPaths = (
				"${PODS_ROOT}/Target Support Files/Pods-ParkinSense-12.4-ParkinSense-12.4UITests/Pods-ParkinSense-12.4-ParkinSense-12.4UITests-frameworks-${CONFIGURATION}-input-files.xcfilelist",
			);
			name = "[CP] Embed Pods Frameworks";
			outputFileListPaths = (
				"${PODS_ROOT}/Target Support Files/Pods-ParkinSense-12.4-ParkinSense-12.4UITests/Pods-ParkinSense-12.4-ParkinSense-12.4UITests-frameworks-${CONFIGURATION}-output-files.xcfilelist",
			);
			runOnlyForDeploymentPostprocessing = 0;
			shellPath = /bin/sh;
			shellScript = "\"${PODS_ROOT}/Target Support Files/Pods-ParkinSense-12.4-ParkinSense-12.4UITests/Pods-ParkinSense-12.4-ParkinSense-12.4UITests-frameworks.sh\"\n";
			showEnvVarsInLog = 0;
		};
		A33689540FC029795E455B89 /* [CP] Embed Pods Frameworks */ = {
			isa = PBXShellScriptBuildPhase;
			buildActionMask = 2147483647;
			files = (
			);
			inputFileListPaths = (
				"${PODS_ROOT}/Target Support Files/Pods-ParkinSense-12.4/Pods-ParkinSense-12.4-frameworks-${CONFIGURATION}-input-files.xcfilelist",
			);
			name = "[CP] Embed Pods Frameworks";
			outputFileListPaths = (
				"${PODS_ROOT}/Target Support Files/Pods-ParkinSense-12.4/Pods-ParkinSense-12.4-frameworks-${CONFIGURATION}-output-files.xcfilelist",
			);
			runOnlyForDeploymentPostprocessing = 0;
			shellPath = /bin/sh;
			shellScript = "\"${PODS_ROOT}/Target Support Files/Pods-ParkinSense-12.4/Pods-ParkinSense-12.4-frameworks.sh\"\n";
			showEnvVarsInLog = 0;
		};
		A3924B8CE7E5334991BC0E2A /* [CP] Check Pods Manifest.lock */ = {
			isa = PBXShellScriptBuildPhase;
			buildActionMask = 2147483647;
			files = (
			);
			inputFileListPaths = (
			);
			inputPaths = (
				"${PODS_PODFILE_DIR_PATH}/Podfile.lock",
				"${PODS_ROOT}/Manifest.lock",
			);
			name = "[CP] Check Pods Manifest.lock";
			outputFileListPaths = (
			);
			outputPaths = (
				"$(DERIVED_FILE_DIR)/Pods-ParkinSense-12.4-checkManifestLockResult.txt",
			);
			runOnlyForDeploymentPostprocessing = 0;
			shellPath = /bin/sh;
			shellScript = "diff \"${PODS_PODFILE_DIR_PATH}/Podfile.lock\" \"${PODS_ROOT}/Manifest.lock\" > /dev/null\nif [ $? != 0 ] ; then\n    # print error to STDERR\n    echo \"error: The sandbox is not in sync with the Podfile.lock. Run 'pod install' or update your CocoaPods installation.\" >&2\n    exit 1\nfi\n# This output is used by Xcode 'outputs' to avoid re-running this script phase.\necho \"SUCCESS\" > \"${SCRIPT_OUTPUT_FILE_0}\"\n";
			showEnvVarsInLog = 0;
		};
		B2BC6C0AD46778805F69D794 /* [CP] Check Pods Manifest.lock */ = {
			isa = PBXShellScriptBuildPhase;
			buildActionMask = 2147483647;
			files = (
			);
			inputFileListPaths = (
			);
			inputPaths = (
				"${PODS_PODFILE_DIR_PATH}/Podfile.lock",
				"${PODS_ROOT}/Manifest.lock",
			);
			name = "[CP] Check Pods Manifest.lock";
			outputFileListPaths = (
			);
			outputPaths = (
				"$(DERIVED_FILE_DIR)/Pods-ParkinSense-12.4-ParkinSense-12.4UITests-checkManifestLockResult.txt",
			);
			runOnlyForDeploymentPostprocessing = 0;
			shellPath = /bin/sh;
			shellScript = "diff \"${PODS_PODFILE_DIR_PATH}/Podfile.lock\" \"${PODS_ROOT}/Manifest.lock\" > /dev/null\nif [ $? != 0 ] ; then\n    # print error to STDERR\n    echo \"error: The sandbox is not in sync with the Podfile.lock. Run 'pod install' or update your CocoaPods installation.\" >&2\n    exit 1\nfi\n# This output is used by Xcode 'outputs' to avoid re-running this script phase.\necho \"SUCCESS\" > \"${SCRIPT_OUTPUT_FILE_0}\"\n";
			showEnvVarsInLog = 0;
		};
/* End PBXShellScriptBuildPhase section */

/* Begin PBXSourcesBuildPhase section */
		A61328B623627A0700C7066C /* Sources */ = {
			isa = PBXSourcesBuildPhase;
			buildActionMask = 2147483647;
			files = (
				A61328F223627A5F00C7066C /* TimeandExtension.swift in Sources */,
				03DB2F0823693FA000EE9EF4 /* TiltViewController.swift in Sources */,
				A61328F123627A5F00C7066C /* Utilities.swift in Sources */,
				0333C3CC23656A5700031C26 /* weeklycalendar.swift in Sources */,
				03DB2F0623693FA000EE9EF4 /* TiltGameScene.swift in Sources */,
				A61328FA23627A6A00C7066C /* MedicationDetailViewController.swift in Sources */,
				03DB2F0723693FA000EE9EF4 /* CountdownGameScene.swift in Sources */,
				A61328FB23627A6A00C7066C /* HomeViewController.swift in Sources */,
				A61328BE23627A0700C7066C /* AppDelegate.swift in Sources */,
				038D56C12362C6AD00FFB3DD /* GameOneViewController.swift in Sources */,
				A61328F023627A5F00C7066C /* Constants.swift in Sources */,
				A61328F923627A6A00C7066C /* signupViewController.swift in Sources */,
				A61328FC23627A6A00C7066C /* loginViewController.swift in Sources */,
				038D56C32362C6BC00FFB3DD /* GameTwoViewController.swift in Sources */,
			);
			runOnlyForDeploymentPostprocessing = 0;
		};
		A61328CA23627A0800C7066C /* Sources */ = {
			isa = PBXSourcesBuildPhase;
			buildActionMask = 2147483647;
			files = (
				A61328D323627A0800C7066C /* ParkinSense_12_4Tests.swift in Sources */,
			);
			runOnlyForDeploymentPostprocessing = 0;
		};
		A61328D523627A0800C7066C /* Sources */ = {
			isa = PBXSourcesBuildPhase;
			buildActionMask = 2147483647;
			files = (
				A61328DE23627A0800C7066C /* ParkinSense_12_4UITests.swift in Sources */,
			);
			runOnlyForDeploymentPostprocessing = 0;
		};
/* End PBXSourcesBuildPhase section */

/* Begin PBXTargetDependency section */
		A61328D023627A0800C7066C /* PBXTargetDependency */ = {
			isa = PBXTargetDependency;
			target = A61328B923627A0700C7066C /* ParkinSense-12.4 */;
			targetProxy = A61328CF23627A0800C7066C /* PBXContainerItemProxy */;
		};
		A61328DB23627A0800C7066C /* PBXTargetDependency */ = {
			isa = PBXTargetDependency;
			target = A61328B923627A0700C7066C /* ParkinSense-12.4 */;
			targetProxy = A61328DA23627A0800C7066C /* PBXContainerItemProxy */;
		};
/* End PBXTargetDependency section */

/* Begin PBXVariantGroup section */
		A61328C623627A0800C7066C /* LaunchScreen.storyboard */ = {
			isa = PBXVariantGroup;
			children = (
				A61328C723627A0800C7066C /* Base */,
			);
			name = LaunchScreen.storyboard;
			sourceTree = "<group>";
		};
/* End PBXVariantGroup section */

/* Begin XCBuildConfiguration section */
		A61328E023627A0800C7066C /* Debug */ = {
			isa = XCBuildConfiguration;
			buildSettings = {
				ALWAYS_SEARCH_USER_PATHS = NO;
				CLANG_ANALYZER_NONNULL = YES;
				CLANG_ANALYZER_NUMBER_OBJECT_CONVERSION = YES_AGGRESSIVE;
				CLANG_CXX_LANGUAGE_STANDARD = "gnu++14";
				CLANG_CXX_LIBRARY = "libc++";
				CLANG_ENABLE_MODULES = YES;
				CLANG_ENABLE_OBJC_ARC = YES;
				CLANG_ENABLE_OBJC_WEAK = YES;
				CLANG_WARN_BLOCK_CAPTURE_AUTORELEASING = YES;
				CLANG_WARN_BOOL_CONVERSION = YES;
				CLANG_WARN_COMMA = YES;
				CLANG_WARN_CONSTANT_CONVERSION = YES;
				CLANG_WARN_DEPRECATED_OBJC_IMPLEMENTATIONS = YES;
				CLANG_WARN_DIRECT_OBJC_ISA_USAGE = YES_ERROR;
				CLANG_WARN_DOCUMENTATION_COMMENTS = YES;
				CLANG_WARN_EMPTY_BODY = YES;
				CLANG_WARN_ENUM_CONVERSION = YES;
				CLANG_WARN_INFINITE_RECURSION = YES;
				CLANG_WARN_INT_CONVERSION = YES;
				CLANG_WARN_NON_LITERAL_NULL_CONVERSION = YES;
				CLANG_WARN_OBJC_IMPLICIT_RETAIN_SELF = YES;
				CLANG_WARN_OBJC_LITERAL_CONVERSION = YES;
				CLANG_WARN_OBJC_ROOT_CLASS = YES_ERROR;
				CLANG_WARN_RANGE_LOOP_ANALYSIS = YES;
				CLANG_WARN_STRICT_PROTOTYPES = YES;
				CLANG_WARN_SUSPICIOUS_MOVE = YES;
				CLANG_WARN_UNGUARDED_AVAILABILITY = YES_AGGRESSIVE;
				CLANG_WARN_UNREACHABLE_CODE = YES;
				CLANG_WARN__DUPLICATE_METHOD_MATCH = YES;
				CODE_SIGN_IDENTITY = "iPhone Developer";
				COPY_PHASE_STRIP = NO;
				DEBUG_INFORMATION_FORMAT = dwarf;
				ENABLE_STRICT_OBJC_MSGSEND = YES;
				ENABLE_TESTABILITY = YES;
				GCC_C_LANGUAGE_STANDARD = gnu11;
				GCC_DYNAMIC_NO_PIC = NO;
				GCC_NO_COMMON_BLOCKS = YES;
				GCC_OPTIMIZATION_LEVEL = 0;
				GCC_PREPROCESSOR_DEFINITIONS = (
					"DEBUG=1",
					"$(inherited)",
				);
				GCC_WARN_64_TO_32_BIT_CONVERSION = YES;
				GCC_WARN_ABOUT_RETURN_TYPE = YES_ERROR;
				GCC_WARN_UNDECLARED_SELECTOR = YES;
				GCC_WARN_UNINITIALIZED_AUTOS = YES_AGGRESSIVE;
				GCC_WARN_UNUSED_FUNCTION = YES;
				GCC_WARN_UNUSED_VARIABLE = YES;
				IPHONEOS_DEPLOYMENT_TARGET = 12.4;
				MTL_ENABLE_DEBUG_INFO = INCLUDE_SOURCE;
				MTL_FAST_MATH = YES;
				ONLY_ACTIVE_ARCH = YES;
				SDKROOT = iphoneos;
				SWIFT_ACTIVE_COMPILATION_CONDITIONS = DEBUG;
				SWIFT_OPTIMIZATION_LEVEL = "-Onone";
			};
			name = Debug;
		};
		A61328E123627A0800C7066C /* Release */ = {
			isa = XCBuildConfiguration;
			buildSettings = {
				ALWAYS_SEARCH_USER_PATHS = NO;
				CLANG_ANALYZER_NONNULL = YES;
				CLANG_ANALYZER_NUMBER_OBJECT_CONVERSION = YES_AGGRESSIVE;
				CLANG_CXX_LANGUAGE_STANDARD = "gnu++14";
				CLANG_CXX_LIBRARY = "libc++";
				CLANG_ENABLE_MODULES = YES;
				CLANG_ENABLE_OBJC_ARC = YES;
				CLANG_ENABLE_OBJC_WEAK = YES;
				CLANG_WARN_BLOCK_CAPTURE_AUTORELEASING = YES;
				CLANG_WARN_BOOL_CONVERSION = YES;
				CLANG_WARN_COMMA = YES;
				CLANG_WARN_CONSTANT_CONVERSION = YES;
				CLANG_WARN_DEPRECATED_OBJC_IMPLEMENTATIONS = YES;
				CLANG_WARN_DIRECT_OBJC_ISA_USAGE = YES_ERROR;
				CLANG_WARN_DOCUMENTATION_COMMENTS = YES;
				CLANG_WARN_EMPTY_BODY = YES;
				CLANG_WARN_ENUM_CONVERSION = YES;
				CLANG_WARN_INFINITE_RECURSION = YES;
				CLANG_WARN_INT_CONVERSION = YES;
				CLANG_WARN_NON_LITERAL_NULL_CONVERSION = YES;
				CLANG_WARN_OBJC_IMPLICIT_RETAIN_SELF = YES;
				CLANG_WARN_OBJC_LITERAL_CONVERSION = YES;
				CLANG_WARN_OBJC_ROOT_CLASS = YES_ERROR;
				CLANG_WARN_RANGE_LOOP_ANALYSIS = YES;
				CLANG_WARN_STRICT_PROTOTYPES = YES;
				CLANG_WARN_SUSPICIOUS_MOVE = YES;
				CLANG_WARN_UNGUARDED_AVAILABILITY = YES_AGGRESSIVE;
				CLANG_WARN_UNREACHABLE_CODE = YES;
				CLANG_WARN__DUPLICATE_METHOD_MATCH = YES;
				CODE_SIGN_IDENTITY = "iPhone Developer";
				COPY_PHASE_STRIP = NO;
				DEBUG_INFORMATION_FORMAT = "dwarf-with-dsym";
				ENABLE_NS_ASSERTIONS = NO;
				ENABLE_STRICT_OBJC_MSGSEND = YES;
				GCC_C_LANGUAGE_STANDARD = gnu11;
				GCC_NO_COMMON_BLOCKS = YES;
				GCC_WARN_64_TO_32_BIT_CONVERSION = YES;
				GCC_WARN_ABOUT_RETURN_TYPE = YES_ERROR;
				GCC_WARN_UNDECLARED_SELECTOR = YES;
				GCC_WARN_UNINITIALIZED_AUTOS = YES_AGGRESSIVE;
				GCC_WARN_UNUSED_FUNCTION = YES;
				GCC_WARN_UNUSED_VARIABLE = YES;
				IPHONEOS_DEPLOYMENT_TARGET = 12.4;
				MTL_ENABLE_DEBUG_INFO = NO;
				MTL_FAST_MATH = YES;
				SDKROOT = iphoneos;
				SWIFT_COMPILATION_MODE = wholemodule;
				SWIFT_OPTIMIZATION_LEVEL = "-O";
				VALIDATE_PRODUCT = YES;
			};
			name = Release;
		};
		A61328E323627A0800C7066C /* Debug */ = {
			isa = XCBuildConfiguration;
			baseConfigurationReference = DAAD47E763797519E6A741B4 /* Pods-ParkinSense-12.4.debug.xcconfig */;
			buildSettings = {
				ASSETCATALOG_COMPILER_APPICON_NAME = AppIcon;
				CODE_SIGN_STYLE = Automatic;
				INFOPLIST_FILE = "ParkinSense-12.4/Info.plist";
				IPHONEOS_DEPLOYMENT_TARGET = 12.1;
				LD_RUNPATH_SEARCH_PATHS = (
					"$(inherited)",
					"@executable_path/Frameworks",
				);
				PRODUCT_BUNDLE_IDENTIFIER = "PDD-Inc.ParkinSense-12-4";
				PRODUCT_NAME = "$(TARGET_NAME)";
				SWIFT_VERSION = 4.2;
				TARGETED_DEVICE_FAMILY = "1,2";
			};
			name = Debug;
		};
		A61328E423627A0800C7066C /* Release */ = {
			isa = XCBuildConfiguration;
			baseConfigurationReference = 80488E395B128294ECE36291 /* Pods-ParkinSense-12.4.release.xcconfig */;
			buildSettings = {
				ASSETCATALOG_COMPILER_APPICON_NAME = AppIcon;
				CODE_SIGN_STYLE = Automatic;
				INFOPLIST_FILE = "ParkinSense-12.4/Info.plist";
				IPHONEOS_DEPLOYMENT_TARGET = 12.1;
				LD_RUNPATH_SEARCH_PATHS = (
					"$(inherited)",
					"@executable_path/Frameworks",
				);
				PRODUCT_BUNDLE_IDENTIFIER = "PDD-Inc.ParkinSense-12-4";
				PRODUCT_NAME = "$(TARGET_NAME)";
				SWIFT_VERSION = 4.2;
				TARGETED_DEVICE_FAMILY = "1,2";
			};
			name = Release;
		};
		A61328E623627A0800C7066C /* Debug */ = {
			isa = XCBuildConfiguration;
			baseConfigurationReference = E3CB4F5B9B1ABDCEDE756677 /* Pods-ParkinSense-12.4Tests.debug.xcconfig */;
			buildSettings = {
				ALWAYS_EMBED_SWIFT_STANDARD_LIBRARIES = YES;
				BUNDLE_LOADER = "$(TEST_HOST)";
				CODE_SIGN_STYLE = Automatic;
				INFOPLIST_FILE = "ParkinSense-12.4Tests/Info.plist";
				IPHONEOS_DEPLOYMENT_TARGET = 12.1;
				LD_RUNPATH_SEARCH_PATHS = (
					"$(inherited)",
					"@executable_path/Frameworks",
					"@loader_path/Frameworks",
				);
				PRODUCT_BUNDLE_IDENTIFIER = "PDD-Inc.ParkinSense-12-4Tests";
				PRODUCT_NAME = "$(TARGET_NAME)";
				SWIFT_VERSION = 5.0;
				TARGETED_DEVICE_FAMILY = "1,2";
				TEST_HOST = "$(BUILT_PRODUCTS_DIR)/ParkinSense-12.4.app/ParkinSense-12.4";
			};
			name = Debug;
		};
		A61328E723627A0800C7066C /* Release */ = {
			isa = XCBuildConfiguration;
			baseConfigurationReference = AAD23FB66C401B7D00ADA381 /* Pods-ParkinSense-12.4Tests.release.xcconfig */;
			buildSettings = {
				ALWAYS_EMBED_SWIFT_STANDARD_LIBRARIES = YES;
				BUNDLE_LOADER = "$(TEST_HOST)";
				CODE_SIGN_STYLE = Automatic;
				INFOPLIST_FILE = "ParkinSense-12.4Tests/Info.plist";
				IPHONEOS_DEPLOYMENT_TARGET = 12.1;
				LD_RUNPATH_SEARCH_PATHS = (
					"$(inherited)",
					"@executable_path/Frameworks",
					"@loader_path/Frameworks",
				);
				PRODUCT_BUNDLE_IDENTIFIER = "PDD-Inc.ParkinSense-12-4Tests";
				PRODUCT_NAME = "$(TARGET_NAME)";
				SWIFT_VERSION = 5.0;
				TARGETED_DEVICE_FAMILY = "1,2";
				TEST_HOST = "$(BUILT_PRODUCTS_DIR)/ParkinSense-12.4.app/ParkinSense-12.4";
			};
			name = Release;
		};
		A61328E923627A0800C7066C /* Debug */ = {
			isa = XCBuildConfiguration;
			baseConfigurationReference = 1646AE119FC7C3A20EF6D045 /* Pods-ParkinSense-12.4-ParkinSense-12.4UITests.debug.xcconfig */;
			buildSettings = {
				ALWAYS_EMBED_SWIFT_STANDARD_LIBRARIES = YES;
				CODE_SIGN_IDENTITY = "iPhone Developer";
				CODE_SIGN_STYLE = Automatic;
				DEVELOPMENT_TEAM = "";
				INFOPLIST_FILE = "ParkinSense-12.4UITests/Info.plist";
				IPHONEOS_DEPLOYMENT_TARGET = 12.1;
				LD_RUNPATH_SEARCH_PATHS = (
					"$(inherited)",
					"@executable_path/Frameworks",
					"@loader_path/Frameworks",
				);
				PRODUCT_BUNDLE_IDENTIFIER = "PDD-Inc.ParkinSense-12-4UITests";
				PRODUCT_NAME = "$(TARGET_NAME)";
				PROVISIONING_PROFILE_SPECIFIER = "";
				SWIFT_VERSION = 5.0;
				TARGETED_DEVICE_FAMILY = "1,2";
				TEST_TARGET_NAME = "ParkinSense-12.4";
			};
			name = Debug;
		};
		A61328EA23627A0800C7066C /* Release */ = {
			isa = XCBuildConfiguration;
			baseConfigurationReference = 4A37EE9F9EE2DEC48033F828 /* Pods-ParkinSense-12.4-ParkinSense-12.4UITests.release.xcconfig */;
			buildSettings = {
				ALWAYS_EMBED_SWIFT_STANDARD_LIBRARIES = YES;
				CODE_SIGN_IDENTITY = "iPhone Developer";
				CODE_SIGN_STYLE = Automatic;
				DEVELOPMENT_TEAM = "";
				INFOPLIST_FILE = "ParkinSense-12.4UITests/Info.plist";
				IPHONEOS_DEPLOYMENT_TARGET = 12.1;
				LD_RUNPATH_SEARCH_PATHS = (
					"$(inherited)",
					"@executable_path/Frameworks",
					"@loader_path/Frameworks",
				);
				PRODUCT_BUNDLE_IDENTIFIER = "PDD-Inc.ParkinSense-12-4UITests";
				PRODUCT_NAME = "$(TARGET_NAME)";
				PROVISIONING_PROFILE_SPECIFIER = "";
				SWIFT_VERSION = 5.0;
				TARGETED_DEVICE_FAMILY = "1,2";
				TEST_TARGET_NAME = "ParkinSense-12.4";
			};
			name = Release;
		};
/* End XCBuildConfiguration section */

/* Begin XCConfigurationList section */
		A61328B523627A0700C7066C /* Build configuration list for PBXProject "ParkinSense-12.4" */ = {
			isa = XCConfigurationList;
			buildConfigurations = (
				A61328E023627A0800C7066C /* Debug */,
				A61328E123627A0800C7066C /* Release */,
			);
			defaultConfigurationIsVisible = 0;
			defaultConfigurationName = Release;
		};
		A61328E223627A0800C7066C /* Build configuration list for PBXNativeTarget "ParkinSense-12.4" */ = {
			isa = XCConfigurationList;
			buildConfigurations = (
				A61328E323627A0800C7066C /* Debug */,
				A61328E423627A0800C7066C /* Release */,
			);
			defaultConfigurationIsVisible = 0;
			defaultConfigurationName = Release;
		};
		A61328E523627A0800C7066C /* Build configuration list for PBXNativeTarget "ParkinSense-12.4Tests" */ = {
			isa = XCConfigurationList;
			buildConfigurations = (
				A61328E623627A0800C7066C /* Debug */,
				A61328E723627A0800C7066C /* Release */,
			);
			defaultConfigurationIsVisible = 0;
			defaultConfigurationName = Release;
		};
		A61328E823627A0800C7066C /* Build configuration list for PBXNativeTarget "ParkinSense-12.4UITests" */ = {
			isa = XCConfigurationList;
			buildConfigurations = (
				A61328E923627A0800C7066C /* Debug */,
				A61328EA23627A0800C7066C /* Release */,
			);
			defaultConfigurationIsVisible = 0;
			defaultConfigurationName = Release;
		};
/* End XCConfigurationList section */
	};
	rootObject = A61328B223627A0700C7066C /* Project object */;
}
